{
  "originHash" : "60792e23d9cc93d24608d9094a03394f819dec821b2c69b8618a66ee444db06a",
  "pins" : [
    {
      "identity" : "alamofire",
      "kind" : "remoteSourceControl",
      "location" : "https://github.com/Alamofire/Alamofire.git",
      "state" : {
        "revision" : "513364f870f6bfc468f9d2ff0a95caccc10044c5",
        "version" : "5.10.2"
      }
    },
    {
      "identity" : "ios-sdk",
      "kind" : "remoteSourceControl",
      "location" : "https://github.com/spotify/ios-sdk",
      "state" : {
        "revision" : "0b3e54771738ad5e64f22c8e5e19ca76d6becc6c",
        "version" : "5.0.1"
      }
    }
  ],
  "version" : 3
}
